
Microsoft Visual Studio Solution File, Format Version 12.00
# Visual Studio Version 17
VisualStudioVersion = 17.2.32630.192
MinimumVisualStudioVersion = 10.0.40219.1
Project("{FAE04EC0-301F-11D3-BF4B-00C04F79EFBC}") = "1-ClassBoxData", "1-ClassBoxData\1-ClassBoxData.csproj", "{BD3FB1FA-4768-4F78-9A23-AEA157FBC1DB}"
EndProject
Global
	GlobalSection(SolutionConfigurationPlatforms) = preSolution
		Debug|Any CPU = Debug|Any CPU
		Release|Any CPU = Release|Any CPU
	EndGlobalSection
	GlobalSection(ProjectConfigurationPlatforms) = postSolution
		{BD3FB1FA-4768-4F78-9A23-AEA157FBC1DB}.Debug|Any CPU.ActiveCfg = Debug|Any CPU
		{BD3FB1FA-4768-4F78-9A23-AEA157FBC1DB}.Debug|Any CPU.Build.0 = Debug|Any CPU
		{BD3FB1FA-4768-4F78-9A23-AEA157FBC1DB}.Release|Any CPU.ActiveCfg = Release|Any CPU
		{BD3FB1FA-4768-4F78-9A23-AEA157FBC1DB}.Release|Any CPU.Build.0 = Release|Any CPU
	EndGlobalSection
	GlobalSection(SolutionProperties) = preSolution
		HideSolutionNode = FALSE
	EndGlobalSection
	GlobalSection(ExtensibilityGlobals) = postSolution
		SolutionGuid = {250982C6-5EBF-4AD4-A6F6-E55218A0DF34}
	EndGlobalSection
EndGlobal
