
Microsoft Visual Studio Solution File, Format Version 12.00
# Visual Studio Version 17
VisualStudioVersion = 17.2.32630.192
MinimumVisualStudioVersion = 10.0.40219.1
Project("{FAE04EC0-301F-11D3-BF4B-00C04F79EFBC}") = "1-Prototype", "1-Prototype\1-Prototype.csproj", "{88AD73DD-B0B5-48D7-AB2B-C57B9C06B014}"
EndProject
Project("{FAE04EC0-301F-11D3-BF4B-00C04F79EFBC}") = "2-Composite", "2-Composite\2-Composite.csproj", "{EE37C4E7-D59D-4003-9C35-3A6ABAF2501D}"
EndProject
Project("{FAE04EC0-301F-11D3-BF4B-00C04F79EFBC}") = "3-Template", "3-Template\3-Template.csproj", "{18A41665-90E1-4F3B-9485-0E670AB95C31}"
EndProject
Global
	GlobalSection(SolutionConfigurationPlatforms) = preSolution
		Debug|Any CPU = Debug|Any CPU
		Release|Any CPU = Release|Any CPU
	EndGlobalSection
	GlobalSection(ProjectConfigurationPlatforms) = postSolution
		{88AD73DD-B0B5-48D7-AB2B-C57B9C06B014}.Debug|Any CPU.ActiveCfg = Debug|Any CPU
		{88AD73DD-B0B5-48D7-AB2B-C57B9C06B014}.Debug|Any CPU.Build.0 = Debug|Any CPU
		{88AD73DD-B0B5-48D7-AB2B-C57B9C06B014}.Release|Any CPU.ActiveCfg = Release|Any CPU
		{88AD73DD-B0B5-48D7-AB2B-C57B9C06B014}.Release|Any CPU.Build.0 = Release|Any CPU
		{EE37C4E7-D59D-4003-9C35-3A6ABAF2501D}.Debug|Any CPU.ActiveCfg = Debug|Any CPU
		{EE37C4E7-D59D-4003-9C35-3A6ABAF2501D}.Debug|Any CPU.Build.0 = Debug|Any CPU
		{EE37C4E7-D59D-4003-9C35-3A6ABAF2501D}.Release|Any CPU.ActiveCfg = Release|Any CPU
		{EE37C4E7-D59D-4003-9C35-3A6ABAF2501D}.Release|Any CPU.Build.0 = Release|Any CPU
		{18A41665-90E1-4F3B-9485-0E670AB95C31}.Debug|Any CPU.ActiveCfg = Debug|Any CPU
		{18A41665-90E1-4F3B-9485-0E670AB95C31}.Debug|Any CPU.Build.0 = Debug|Any CPU
		{18A41665-90E1-4F3B-9485-0E670AB95C31}.Release|Any CPU.ActiveCfg = Release|Any CPU
		{18A41665-90E1-4F3B-9485-0E670AB95C31}.Release|Any CPU.Build.0 = Release|Any CPU
	EndGlobalSection
	GlobalSection(SolutionProperties) = preSolution
		HideSolutionNode = FALSE
	EndGlobalSection
	GlobalSection(ExtensibilityGlobals) = postSolution
		SolutionGuid = {CD443C77-07FE-481D-89EB-D5AB50406AC6}
	EndGlobalSection
EndGlobal
