
Microsoft Visual Studio Solution File, Format Version 12.00
# Visual Studio Version 17
VisualStudioVersion = 17.2.32602.215
MinimumVisualStudioVersion = 10.0.40219.1
Project("{FAE04EC0-301F-11D3-BF4B-00C04F79EFBC}") = "1-Stealer", "1-Stealer\1-Stealer.csproj", "{CD45A9E8-B52B-478D-B213-42398F9B6E47}"
EndProject
Project("{FAE04EC0-301F-11D3-BF4B-00C04F79EFBC}") = "2-High-Quality-Mistake", "2-High-Quality-Mistake\2-High-Quality-Mistake.csproj", "{2E868755-7A74-42C8-B866-F668439D3C83}"
EndProject
Project("{FAE04EC0-301F-11D3-BF4B-00C04F79EFBC}") = "3-MissionPrivateImpossible", "3-MissionPrivateImpossible\3-MissionPrivateImpossible.csproj", "{E39AC9B6-044E-48BD-B82B-5D4C5D3117F8}"
EndProject
Project("{FAE04EC0-301F-11D3-BF4B-00C04F79EFBC}") = "4-Collector", "4-Collector\4-Collector.csproj", "{6D9DFBE3-7221-442D-80F6-823BB4AE3BE7}"
EndProject
Global
	GlobalSection(SolutionConfigurationPlatforms) = preSolution
		Debug|Any CPU = Debug|Any CPU
		Release|Any CPU = Release|Any CPU
	EndGlobalSection
	GlobalSection(ProjectConfigurationPlatforms) = postSolution
		{CD45A9E8-B52B-478D-B213-42398F9B6E47}.Debug|Any CPU.ActiveCfg = Debug|Any CPU
		{CD45A9E8-B52B-478D-B213-42398F9B6E47}.Debug|Any CPU.Build.0 = Debug|Any CPU
		{CD45A9E8-B52B-478D-B213-42398F9B6E47}.Release|Any CPU.ActiveCfg = Release|Any CPU
		{CD45A9E8-B52B-478D-B213-42398F9B6E47}.Release|Any CPU.Build.0 = Release|Any CPU
		{2E868755-7A74-42C8-B866-F668439D3C83}.Debug|Any CPU.ActiveCfg = Debug|Any CPU
		{2E868755-7A74-42C8-B866-F668439D3C83}.Debug|Any CPU.Build.0 = Debug|Any CPU
		{2E868755-7A74-42C8-B866-F668439D3C83}.Release|Any CPU.ActiveCfg = Release|Any CPU
		{2E868755-7A74-42C8-B866-F668439D3C83}.Release|Any CPU.Build.0 = Release|Any CPU
		{E39AC9B6-044E-48BD-B82B-5D4C5D3117F8}.Debug|Any CPU.ActiveCfg = Debug|Any CPU
		{E39AC9B6-044E-48BD-B82B-5D4C5D3117F8}.Debug|Any CPU.Build.0 = Debug|Any CPU
		{E39AC9B6-044E-48BD-B82B-5D4C5D3117F8}.Release|Any CPU.ActiveCfg = Release|Any CPU
		{E39AC9B6-044E-48BD-B82B-5D4C5D3117F8}.Release|Any CPU.Build.0 = Release|Any CPU
		{6D9DFBE3-7221-442D-80F6-823BB4AE3BE7}.Debug|Any CPU.ActiveCfg = Debug|Any CPU
		{6D9DFBE3-7221-442D-80F6-823BB4AE3BE7}.Debug|Any CPU.Build.0 = Debug|Any CPU
		{6D9DFBE3-7221-442D-80F6-823BB4AE3BE7}.Release|Any CPU.ActiveCfg = Release|Any CPU
		{6D9DFBE3-7221-442D-80F6-823BB4AE3BE7}.Release|Any CPU.Build.0 = Release|Any CPU
	EndGlobalSection
	GlobalSection(SolutionProperties) = preSolution
		HideSolutionNode = FALSE
	EndGlobalSection
	GlobalSection(ExtensibilityGlobals) = postSolution
		SolutionGuid = {49CDBB65-B254-45AB-B8C5-5A1B37225D67}
	EndGlobalSection
EndGlobal
